
Microsoft Visual Studio Solution File, Format Version 12.00
# Visual Studio Version 17
VisualStudioVersion = 17.6.33723.286
MinimumVisualStudioVersion = 10.0.40219.1
Project("{9A19103F-16F7-4668-BE54-9A1E7A4F7556}") = "Wyzwanie21", "Wyzwanie21\Wyzwanie21.csproj", "{674B4C73-3CA7-4F25-98BE-7870054ECAA6}"
EndProject
Project("{FAE04EC0-301F-11D3-BF4B-00C04F79EFBC}") = "Wyzwanie21.Tests", "Wyzwanie21.Tests\Wyzwanie21.Tests.csproj", "{31C44ACD-6D45-4E58-9153-09F1D8A46F28}"
EndProject
Global
	GlobalSection(SolutionConfigurationPlatforms) = preSolution
		Debug|Any CPU = Debug|Any CPU
		Release|Any CPU = Release|Any CPU
	EndGlobalSection
	GlobalSection(ProjectConfigurationPlatforms) = postSolution
		{674B4C73-3CA7-4F25-98BE-7870054ECAA6}.Debug|Any CPU.ActiveCfg = Debug|Any CPU
		{674B4C73-3CA7-4F25-98BE-7870054ECAA6}.Debug|Any CPU.Build.0 = Debug|Any CPU
		{674B4C73-3CA7-4F25-98BE-7870054ECAA6}.Release|Any CPU.ActiveCfg = Release|Any CPU
		{674B4C73-3CA7-4F25-98BE-7870054ECAA6}.Release|Any CPU.Build.0 = Release|Any CPU
		{31C44ACD-6D45-4E58-9153-09F1D8A46F28}.Debug|Any CPU.ActiveCfg = Debug|Any CPU
		{31C44ACD-6D45-4E58-9153-09F1D8A46F28}.Debug|Any CPU.Build.0 = Debug|Any CPU
		{31C44ACD-6D45-4E58-9153-09F1D8A46F28}.Release|Any CPU.ActiveCfg = Release|Any CPU
		{31C44ACD-6D45-4E58-9153-09F1D8A46F28}.Release|Any CPU.Build.0 = Release|Any CPU
	EndGlobalSection
	GlobalSection(SolutionProperties) = preSolution
		HideSolutionNode = FALSE
	EndGlobalSection
	GlobalSection(ExtensibilityGlobals) = postSolution
		SolutionGuid = {0928C8FE-A003-47E7-A101-B1222576A78B}
	EndGlobalSection
EndGlobal
